
Microsoft Visual Studio Solution File, Format Version 12.00
# Visual Studio Version 17
VisualStudioVersion = 17.14.36301.6 d17.14
MinimumVisualStudioVersion = 10.0.40219.1
Project("{FAE04EC0-301F-11D3-BF4B-00C04F79EFBC}") = "SOLID_Principles", "SOLID_Principles.csproj", "{9D417F19-4BF3-4B9F-B479-A05FD5C7BFDE}"
EndProject
Global
	GlobalSection(SolutionConfigurationPlatforms) = preSolution
		Debug|Any CPU = Debug|Any CPU
		Release|Any CPU = Release|Any CPU
	EndGlobalSection
	GlobalSection(ProjectConfigurationPlatforms) = postSolution
		{9D417F19-4BF3-4B9F-B479-A05FD5C7BFDE}.Debug|Any CPU.ActiveCfg = Debug|Any CPU
		{9D417F19-4BF3-4B9F-B479-A05FD5C7BFDE}.Debug|Any CPU.Build.0 = Debug|Any CPU
		{9D417F19-4BF3-4B9F-B479-A05FD5C7BFDE}.Release|Any CPU.ActiveCfg = Release|Any CPU
		{9D417F19-4BF3-4B9F-B479-A05FD5C7BFDE}.Release|Any CPU.Build.0 = Release|Any CPU
	EndGlobalSection
	GlobalSection(SolutionProperties) = preSolution
		HideSolutionNode = FALSE
	EndGlobalSection
	GlobalSection(ExtensibilityGlobals) = postSolution
		SolutionGuid = {FA79654D-38E1-479E-AEEB-24751B0565DA}
	EndGlobalSection
EndGlobal
